
Microsoft Visual Studio Solution File, Format Version 12.00
# Visual Studio Version 16
VisualStudioVersion = 16.0.30907.101
MinimumVisualStudioVersion = 10.0.40219.1
Project("{FAE04EC0-301F-11D3-BF4B-00C04F79EFBC}") = "Passion_Project_Application", "Passion_Project_Application\Passion_Project_Application.csproj", "{4DCC46C7-A012-4300-A6AB-990B2561C97D}"
EndProject
Global
	GlobalSection(SolutionConfigurationPlatforms) = preSolution
		Debug|Any CPU = Debug|Any CPU
		Release|Any CPU = Release|Any CPU
	EndGlobalSection
	GlobalSection(ProjectConfigurationPlatforms) = postSolution
		{4DCC46C7-A012-4300-A6AB-990B2561C97D}.Debug|Any CPU.ActiveCfg = Debug|Any CPU
		{4DCC46C7-A012-4300-A6AB-990B2561C97D}.Debug|Any CPU.Build.0 = Debug|Any CPU
		{4DCC46C7-A012-4300-A6AB-990B2561C97D}.Release|Any CPU.ActiveCfg = Release|Any CPU
		{4DCC46C7-A012-4300-A6AB-990B2561C97D}.Release|Any CPU.Build.0 = Release|Any CPU
	EndGlobalSection
	GlobalSection(SolutionProperties) = preSolution
		HideSolutionNode = FALSE
	EndGlobalSection
	GlobalSection(ExtensibilityGlobals) = postSolution
		SolutionGuid = {3296D159-24EE-41F5-9401-8FA385AC20F9}
	EndGlobalSection
EndGlobal
